
Microsoft Visual Studio Solution File, Format Version 12.00
# Blend for Visual Studio 15
VisualStudioVersion = 15.0.28307.136
MinimumVisualStudioVersion = 10.0.40219.1
Project("{FAE04EC0-301F-11D3-BF4B-00C04F79EFBC}") = "WpfBehaviors", "WpfBehaviors\WpfBehaviors.csproj", "{153B25F5-E322-476E-8AD3-F8ADDB60FAF3}"
EndProject
Global
	GlobalSection(SolutionConfigurationPlatforms) = preSolution
		Debug|Any CPU = Debug|Any CPU
		Release|Any CPU = Release|Any CPU
	EndGlobalSection
	GlobalSection(ProjectConfigurationPlatforms) = postSolution
		{153B25F5-E322-476E-8AD3-F8ADDB60FAF3}.Debug|Any CPU.ActiveCfg = Debug|Any CPU
		{153B25F5-E322-476E-8AD3-F8ADDB60FAF3}.Debug|Any CPU.Build.0 = Debug|Any CPU
		{153B25F5-E322-476E-8AD3-F8ADDB60FAF3}.Release|Any CPU.ActiveCfg = Release|Any CPU
		{153B25F5-E322-476E-8AD3-F8ADDB60FAF3}.Release|Any CPU.Build.0 = Release|Any CPU
	EndGlobalSection
	GlobalSection(SolutionProperties) = preSolution
		HideSolutionNode = FALSE
	EndGlobalSection
	GlobalSection(ExtensibilityGlobals) = postSolution
		SolutionGuid = {940AD73E-96B8-4CD9-BD43-AD92BD017386}
	EndGlobalSection
EndGlobal
